
Microsoft Visual Studio Solution File, Format Version 12.00
# Visual Studio Version 17
VisualStudioVersion = 17.0.31903.59
MinimumVisualStudioVersion = 10.0.40219.1
Project("{2150E333-8FDC-42A3-9474-1A3956D46DE8}") = "Stage1", "Stage1", "{F694B09D-89F9-36E6-3F2C-769F53ECE4E3}"
EndProject
Project("{FAE04EC0-301F-11D3-BF4B-00C04F79EFBC}") = "LogEvents", "Stage1\LogEvents\LogEvents.csproj", "{4520464C-7B49-4831-974F-E1443C4ED3D7}"
EndProject
Project("{2150E333-8FDC-42A3-9474-1A3956D46DE8}") = "Stage2", "Stage2", "{4B0DD6D3-A79E-5998-94F7-57B2667FBB9B}"
EndProject
Project("{FAE04EC0-301F-11D3-BF4B-00C04F79EFBC}") = "ClientDAO", "Stage2\ClientDAO\ClientDAO.csproj", "{17CCF985-3E0A-446F-8296-1E495001621F}"
EndProject
Project("{FAE04EC0-301F-11D3-BF4B-00C04F79EFBC}") = "ORM", "Stage2\ORM\ORM.csproj", "{6397A99B-AC93-46E5-BC7B-8CE4450D574E}"
EndProject
Project("{FAE04EC0-301F-11D3-BF4B-00C04F79EFBC}") = "ServeurDAO", "Stage2\ServeurDAO\ServeurDAO.csproj", "{F8FE4E71-335F-4B34-B6CA-9601CDC3A7EF}"
EndProject
Project("{2150E333-8FDC-42A3-9474-1A3956D46DE8}") = "WinForms", "WinForms", "{4BA49876-C08E-A5DE-E41F-61D0DEA44A62}"
EndProject
Project("{FAE04EC0-301F-11D3-BF4B-00C04F79EFBC}") = "WinFormsApp", "Stage2\WinForms\WinFormsApp.csproj", "{1EB2F878-7785-4E8D-B94A-836A8B6A44C1}"
EndProject
Project("{2150E333-8FDC-42A3-9474-1A3956D46DE8}") = "WPF", "WPF", "{67301C1F-10DE-AF44-579B-763CAC6288AF}"
EndProject
Project("{FAE04EC0-301F-11D3-BF4B-00C04F79EFBC}") = "WPFApp", "Stage2\WPF\WPFApp.csproj", "{318F6F96-5CDF-4A80-8C22-967FB26616C1}"
EndProject
Global
	GlobalSection(SolutionConfigurationPlatforms) = preSolution
		Debug|Any CPU = Debug|Any CPU
		Debug|x64 = Debug|x64
		Debug|x86 = Debug|x86
		Release|Any CPU = Release|Any CPU
		Release|x64 = Release|x64
		Release|x86 = Release|x86
	EndGlobalSection
	GlobalSection(ProjectConfigurationPlatforms) = postSolution
		{4520464C-7B49-4831-974F-E1443C4ED3D7}.Debug|Any CPU.ActiveCfg = Debug|Any CPU
		{4520464C-7B49-4831-974F-E1443C4ED3D7}.Debug|Any CPU.Build.0 = Debug|Any CPU
		{4520464C-7B49-4831-974F-E1443C4ED3D7}.Debug|x64.ActiveCfg = Debug|Any CPU
		{4520464C-7B49-4831-974F-E1443C4ED3D7}.Debug|x64.Build.0 = Debug|Any CPU
		{4520464C-7B49-4831-974F-E1443C4ED3D7}.Debug|x86.ActiveCfg = Debug|Any CPU
		{4520464C-7B49-4831-974F-E1443C4ED3D7}.Debug|x86.Build.0 = Debug|Any CPU
		{4520464C-7B49-4831-974F-E1443C4ED3D7}.Release|Any CPU.ActiveCfg = Release|Any CPU
		{4520464C-7B49-4831-974F-E1443C4ED3D7}.Release|Any CPU.Build.0 = Release|Any CPU
		{4520464C-7B49-4831-974F-E1443C4ED3D7}.Release|x64.ActiveCfg = Release|Any CPU
		{4520464C-7B49-4831-974F-E1443C4ED3D7}.Release|x64.Build.0 = Release|Any CPU
		{4520464C-7B49-4831-974F-E1443C4ED3D7}.Release|x86.ActiveCfg = Release|Any CPU
		{4520464C-7B49-4831-974F-E1443C4ED3D7}.Release|x86.Build.0 = Release|Any CPU
		{17CCF985-3E0A-446F-8296-1E495001621F}.Debug|Any CPU.ActiveCfg = Debug|Any CPU
		{17CCF985-3E0A-446F-8296-1E495001621F}.Debug|Any CPU.Build.0 = Debug|Any CPU
		{17CCF985-3E0A-446F-8296-1E495001621F}.Debug|x64.ActiveCfg = Debug|Any CPU
		{17CCF985-3E0A-446F-8296-1E495001621F}.Debug|x64.Build.0 = Debug|Any CPU
		{17CCF985-3E0A-446F-8296-1E495001621F}.Debug|x86.ActiveCfg = Debug|Any CPU
		{17CCF985-3E0A-446F-8296-1E495001621F}.Debug|x86.Build.0 = Debug|Any CPU
		{17CCF985-3E0A-446F-8296-1E495001621F}.Release|Any CPU.ActiveCfg = Release|Any CPU
		{17CCF985-3E0A-446F-8296-1E495001621F}.Release|Any CPU.Build.0 = Release|Any CPU
		{17CCF985-3E0A-446F-8296-1E495001621F}.Release|x64.ActiveCfg = Release|Any CPU
		{17CCF985-3E0A-446F-8296-1E495001621F}.Release|x64.Build.0 = Release|Any CPU
		{17CCF985-3E0A-446F-8296-1E495001621F}.Release|x86.ActiveCfg = Release|Any CPU
		{17CCF985-3E0A-446F-8296-1E495001621F}.Release|x86.Build.0 = Release|Any CPU
		{6397A99B-AC93-46E5-BC7B-8CE4450D574E}.Debug|Any CPU.ActiveCfg = Debug|Any CPU
		{6397A99B-AC93-46E5-BC7B-8CE4450D574E}.Debug|Any CPU.Build.0 = Debug|Any CPU
		{6397A99B-AC93-46E5-BC7B-8CE4450D574E}.Debug|x64.ActiveCfg = Debug|Any CPU
		{6397A99B-AC93-46E5-BC7B-8CE4450D574E}.Debug|x64.Build.0 = Debug|Any CPU
		{6397A99B-AC93-46E5-BC7B-8CE4450D574E}.Debug|x86.ActiveCfg = Debug|Any CPU
		{6397A99B-AC93-46E5-BC7B-8CE4450D574E}.Debug|x86.Build.0 = Debug|Any CPU
		{6397A99B-AC93-46E5-BC7B-8CE4450D574E}.Release|Any CPU.ActiveCfg = Release|Any CPU
		{6397A99B-AC93-46E5-BC7B-8CE4450D574E}.Release|Any CPU.Build.0 = Release|Any CPU
		{6397A99B-AC93-46E5-BC7B-8CE4450D574E}.Release|x64.ActiveCfg = Release|Any CPU
		{6397A99B-AC93-46E5-BC7B-8CE4450D574E}.Release|x64.Build.0 = Release|Any CPU
		{6397A99B-AC93-46E5-BC7B-8CE4450D574E}.Release|x86.ActiveCfg = Release|Any CPU
		{6397A99B-AC93-46E5-BC7B-8CE4450D574E}.Release|x86.Build.0 = Release|Any CPU
		{F8FE4E71-335F-4B34-B6CA-9601CDC3A7EF}.Debug|Any CPU.ActiveCfg = Debug|Any CPU
		{F8FE4E71-335F-4B34-B6CA-9601CDC3A7EF}.Debug|Any CPU.Build.0 = Debug|Any CPU
		{F8FE4E71-335F-4B34-B6CA-9601CDC3A7EF}.Debug|x64.ActiveCfg = Debug|Any CPU
		{F8FE4E71-335F-4B34-B6CA-9601CDC3A7EF}.Debug|x64.Build.0 = Debug|Any CPU
		{F8FE4E71-335F-4B34-B6CA-9601CDC3A7EF}.Debug|x86.ActiveCfg = Debug|Any CPU
		{F8FE4E71-335F-4B34-B6CA-9601CDC3A7EF}.Debug|x86.Build.0 = Debug|Any CPU
		{F8FE4E71-335F-4B34-B6CA-9601CDC3A7EF}.Release|Any CPU.ActiveCfg = Release|Any CPU
		{F8FE4E71-335F-4B34-B6CA-9601CDC3A7EF}.Release|Any CPU.Build.0 = Release|Any CPU
		{F8FE4E71-335F-4B34-B6CA-9601CDC3A7EF}.Release|x64.ActiveCfg = Release|Any CPU
		{F8FE4E71-335F-4B34-B6CA-9601CDC3A7EF}.Release|x64.Build.0 = Release|Any CPU
		{F8FE4E71-335F-4B34-B6CA-9601CDC3A7EF}.Release|x86.ActiveCfg = Release|Any CPU
		{F8FE4E71-335F-4B34-B6CA-9601CDC3A7EF}.Release|x86.Build.0 = Release|Any CPU
		{1EB2F878-7785-4E8D-B94A-836A8B6A44C1}.Debug|Any CPU.ActiveCfg = Debug|Any CPU
		{1EB2F878-7785-4E8D-B94A-836A8B6A44C1}.Debug|Any CPU.Build.0 = Debug|Any CPU
		{1EB2F878-7785-4E8D-B94A-836A8B6A44C1}.Debug|x64.ActiveCfg = Debug|Any CPU
		{1EB2F878-7785-4E8D-B94A-836A8B6A44C1}.Debug|x64.Build.0 = Debug|Any CPU
		{1EB2F878-7785-4E8D-B94A-836A8B6A44C1}.Debug|x86.ActiveCfg = Debug|Any CPU
		{1EB2F878-7785-4E8D-B94A-836A8B6A44C1}.Debug|x86.Build.0 = Debug|Any CPU
		{1EB2F878-7785-4E8D-B94A-836A8B6A44C1}.Release|Any CPU.ActiveCfg = Release|Any CPU
		{1EB2F878-7785-4E8D-B94A-836A8B6A44C1}.Release|Any CPU.Build.0 = Release|Any CPU
		{1EB2F878-7785-4E8D-B94A-836A8B6A44C1}.Release|x64.ActiveCfg = Release|Any CPU
		{1EB2F878-7785-4E8D-B94A-836A8B6A44C1}.Release|x64.Build.0 = Release|Any CPU
		{1EB2F878-7785-4E8D-B94A-836A8B6A44C1}.Release|x86.ActiveCfg = Release|Any CPU
		{1EB2F878-7785-4E8D-B94A-836A8B6A44C1}.Release|x86.Build.0 = Release|Any CPU
		{318F6F96-5CDF-4A80-8C22-967FB26616C1}.Debug|Any CPU.ActiveCfg = Debug|Any CPU
		{318F6F96-5CDF-4A80-8C22-967FB26616C1}.Debug|Any CPU.Build.0 = Debug|Any CPU
		{318F6F96-5CDF-4A80-8C22-967FB26616C1}.Debug|x64.ActiveCfg = Debug|Any CPU
		{318F6F96-5CDF-4A80-8C22-967FB26616C1}.Debug|x64.Build.0 = Debug|Any CPU
		{318F6F96-5CDF-4A80-8C22-967FB26616C1}.Debug|x86.ActiveCfg = Debug|Any CPU
		{318F6F96-5CDF-4A80-8C22-967FB26616C1}.Debug|x86.Build.0 = Debug|Any CPU
		{318F6F96-5CDF-4A80-8C22-967FB26616C1}.Release|Any CPU.ActiveCfg = Release|Any CPU
		{318F6F96-5CDF-4A80-8C22-967FB26616C1}.Release|Any CPU.Build.0 = Release|Any CPU
		{318F6F96-5CDF-4A80-8C22-967FB26616C1}.Release|x64.ActiveCfg = Release|Any CPU
		{318F6F96-5CDF-4A80-8C22-967FB26616C1}.Release|x64.Build.0 = Release|Any CPU
		{318F6F96-5CDF-4A80-8C22-967FB26616C1}.Release|x86.ActiveCfg = Release|Any CPU
		{318F6F96-5CDF-4A80-8C22-967FB26616C1}.Release|x86.Build.0 = Release|Any CPU
	EndGlobalSection
	GlobalSection(SolutionProperties) = preSolution
		HideSolutionNode = FALSE
	EndGlobalSection
	GlobalSection(NestedProjects) = preSolution
		{4520464C-7B49-4831-974F-E1443C4ED3D7} = {F694B09D-89F9-36E6-3F2C-769F53ECE4E3}
		{17CCF985-3E0A-446F-8296-1E495001621F} = {4B0DD6D3-A79E-5998-94F7-57B2667FBB9B}
		{6397A99B-AC93-46E5-BC7B-8CE4450D574E} = {4B0DD6D3-A79E-5998-94F7-57B2667FBB9B}
		{F8FE4E71-335F-4B34-B6CA-9601CDC3A7EF} = {4B0DD6D3-A79E-5998-94F7-57B2667FBB9B}
		{4BA49876-C08E-A5DE-E41F-61D0DEA44A62} = {4B0DD6D3-A79E-5998-94F7-57B2667FBB9B}
		{1EB2F878-7785-4E8D-B94A-836A8B6A44C1} = {4BA49876-C08E-A5DE-E41F-61D0DEA44A62}
		{67301C1F-10DE-AF44-579B-763CAC6288AF} = {4B0DD6D3-A79E-5998-94F7-57B2667FBB9B}
		{318F6F96-5CDF-4A80-8C22-967FB26616C1} = {67301C1F-10DE-AF44-579B-763CAC6288AF}
	EndGlobalSection
EndGlobal
